
Microsoft Visual Studio Solution File, Format Version 12.00
# Visual Studio Version 17
VisualStudioVersion = 17.5.002.0
MinimumVisualStudioVersion = 10.0.40219.1
Project("{2150E333-8FDC-42A3-9474-1A3956D46DE8}") = "src", "src", "{F2F84B2B-C87B-4B79-B9A9-48A064AF247D}"
EndProject
Project("{9A19103F-16F7-4668-BE54-9A1E7A4F7556}") = "Extractor", "src\Extractor\Extractor.csproj", "{1FA28309-05F4-45DB-AA17-945B7C27C9F8}"
EndProject
Global
	GlobalSection(SolutionConfigurationPlatforms) = preSolution
		Debug|Any CPU = Debug|Any CPU
		Release|Any CPU = Release|Any CPU
	EndGlobalSection
	GlobalSection(ProjectConfigurationPlatforms) = postSolution
		{1FA28309-05F4-45DB-AA17-945B7C27C9F8}.Debug|Any CPU.ActiveCfg = Debug|Any CPU
		{1FA28309-05F4-45DB-AA17-945B7C27C9F8}.Debug|Any CPU.Build.0 = Debug|Any CPU
		{1FA28309-05F4-45DB-AA17-945B7C27C9F8}.Release|Any CPU.ActiveCfg = Release|Any CPU
		{1FA28309-05F4-45DB-AA17-945B7C27C9F8}.Release|Any CPU.Build.0 = Release|Any CPU
	EndGlobalSection
	GlobalSection(SolutionProperties) = preSolution
		HideSolutionNode = FALSE
	EndGlobalSection
	GlobalSection(NestedProjects) = preSolution
		{1FA28309-05F4-45DB-AA17-945B7C27C9F8} = {F2F84B2B-C87B-4B79-B9A9-48A064AF247D}
	EndGlobalSection
	GlobalSection(ExtensibilityGlobals) = postSolution
		SolutionGuid = {C3C68BFC-543D-47DE-8149-FFDF1CF1FDDD}
	EndGlobalSection
EndGlobal
